
Microsoft Visual Studio Solution File, Format Version 12.00
# Visual Studio 15
VisualStudioVersion = 15.0.28010.2016
MinimumVisualStudioVersion = 10.0.40219.1
Project("{FAE04EC0-301F-11D3-BF4B-00C04F79EFBC}") = "CSAssist", "CSAssist\CSAssist.csproj", "{D23F4F0F-46DF-476F-9F21-D006D3E60E4B}"
EndProject
Global
	GlobalSection(SolutionConfigurationPlatforms) = preSolution
		Debug|Any CPU = Debug|Any CPU
		Debug|x64 = Debug|x64
		Release|Any CPU = Release|Any CPU
		Release|x64 = Release|x64
	EndGlobalSection
	GlobalSection(ProjectConfigurationPlatforms) = postSolution
		{D23F4F0F-46DF-476F-9F21-D006D3E60E4B}.Debug|Any CPU.ActiveCfg = Debug|Any CPU
		{D23F4F0F-46DF-476F-9F21-D006D3E60E4B}.Debug|Any CPU.Build.0 = Debug|Any CPU
		{D23F4F0F-46DF-476F-9F21-D006D3E60E4B}.Debug|x64.ActiveCfg = Debug|x64
		{D23F4F0F-46DF-476F-9F21-D006D3E60E4B}.Debug|x64.Build.0 = Debug|x64
		{D23F4F0F-46DF-476F-9F21-D006D3E60E4B}.Release|Any CPU.ActiveCfg = Release|Any CPU
		{D23F4F0F-46DF-476F-9F21-D006D3E60E4B}.Release|Any CPU.Build.0 = Release|Any CPU
		{D23F4F0F-46DF-476F-9F21-D006D3E60E4B}.Release|x64.ActiveCfg = Release|x64
		{D23F4F0F-46DF-476F-9F21-D006D3E60E4B}.Release|x64.Build.0 = Release|x64
	EndGlobalSection
	GlobalSection(SolutionProperties) = preSolution
		HideSolutionNode = FALSE
	EndGlobalSection
	GlobalSection(ExtensibilityGlobals) = postSolution
		SolutionGuid = {55EA27FC-0146-4056-805D-CFCC1534D227}
	EndGlobalSection
EndGlobal
